
Microsoft Visual Studio Solution File, Format Version 12.00
# Visual Studio Version 17
VisualStudioVersion = 17.13.35825.156 d17.13
MinimumVisualStudioVersion = 10.0.40219.1
Project("{54A90642-561A-4BB1-A94E-469ADEE60C69}") = "to-do-app.client", "to-do-app.client\to-do-app.client.esproj", "{275F09B5-D167-B017-663E-C34B74E1AEE8}"
EndProject
Project("{FAE04EC0-301F-11D3-BF4B-00C04F79EFBC}") = "To-Do-App.Server", "To-Do-App.Server\To-Do-App.Server.csproj", "{DD87E329-BE1E-4F8E-B42C-C5C755201242}"
EndProject
Global
	GlobalSection(SolutionConfigurationPlatforms) = preSolution
		Debug|Any CPU = Debug|Any CPU
		Release|Any CPU = Release|Any CPU
	EndGlobalSection
	GlobalSection(ProjectConfigurationPlatforms) = postSolution
		{275F09B5-D167-B017-663E-C34B74E1AEE8}.Debug|Any CPU.ActiveCfg = Debug|Any CPU
		{275F09B5-D167-B017-663E-C34B74E1AEE8}.Debug|Any CPU.Build.0 = Debug|Any CPU
		{275F09B5-D167-B017-663E-C34B74E1AEE8}.Debug|Any CPU.Deploy.0 = Debug|Any CPU
		{275F09B5-D167-B017-663E-C34B74E1AEE8}.Release|Any CPU.ActiveCfg = Release|Any CPU
		{275F09B5-D167-B017-663E-C34B74E1AEE8}.Release|Any CPU.Build.0 = Release|Any CPU
		{275F09B5-D167-B017-663E-C34B74E1AEE8}.Release|Any CPU.Deploy.0 = Release|Any CPU
		{DD87E329-BE1E-4F8E-B42C-C5C755201242}.Debug|Any CPU.ActiveCfg = Debug|Any CPU
		{DD87E329-BE1E-4F8E-B42C-C5C755201242}.Debug|Any CPU.Build.0 = Debug|Any CPU
		{DD87E329-BE1E-4F8E-B42C-C5C755201242}.Release|Any CPU.ActiveCfg = Release|Any CPU
		{DD87E329-BE1E-4F8E-B42C-C5C755201242}.Release|Any CPU.Build.0 = Release|Any CPU
	EndGlobalSection
	GlobalSection(SolutionProperties) = preSolution
		HideSolutionNode = FALSE
	EndGlobalSection
	GlobalSection(ExtensibilityGlobals) = postSolution
		SolutionGuid = {F5EC60FA-E0B7-469B-907F-73EB0FE0D9F7}
	EndGlobalSection
EndGlobal
